
Microsoft Visual Studio Solution File, Format Version 12.00
# Visual Studio Version 17
VisualStudioVersion = 17.0.31903.59
MinimumVisualStudioVersion = 10.0.40219.1
Project("{FAE04EC0-301F-11D3-BF4B-00C04F79EFBC}") = "API", "API\API.csproj", "{98B3723C-55F3-45C0-91B3-F2B7F7B16AF9}"
EndProject
Project("{FAE04EC0-301F-11D3-BF4B-00C04F79EFBC}") = "Application", "Application\Application.csproj", "{5A9ABAF9-BD21-429F-819A-8EACABD9B37E}"
EndProject
Project("{FAE04EC0-301F-11D3-BF4B-00C04F79EFBC}") = "Domain", "Domain\Domain.csproj", "{72A3B6C8-42E8-47BE-8175-99E57BC97D0F}"
EndProject
Project("{FAE04EC0-301F-11D3-BF4B-00C04F79EFBC}") = "Persistence", "Persistence\Persistence.csproj", "{6060336E-28D6-4F00-B747-FC1CFAF41194}"
EndProject
Global
	GlobalSection(SolutionConfigurationPlatforms) = preSolution
		Debug|Any CPU = Debug|Any CPU
		Release|Any CPU = Release|Any CPU
	EndGlobalSection
	GlobalSection(SolutionProperties) = preSolution
		HideSolutionNode = FALSE
	EndGlobalSection
	GlobalSection(ProjectConfigurationPlatforms) = postSolution
		{98B3723C-55F3-45C0-91B3-F2B7F7B16AF9}.Debug|Any CPU.ActiveCfg = Debug|Any CPU
		{98B3723C-55F3-45C0-91B3-F2B7F7B16AF9}.Debug|Any CPU.Build.0 = Debug|Any CPU
		{98B3723C-55F3-45C0-91B3-F2B7F7B16AF9}.Release|Any CPU.ActiveCfg = Release|Any CPU
		{98B3723C-55F3-45C0-91B3-F2B7F7B16AF9}.Release|Any CPU.Build.0 = Release|Any CPU
		{5A9ABAF9-BD21-429F-819A-8EACABD9B37E}.Debug|Any CPU.ActiveCfg = Debug|Any CPU
		{5A9ABAF9-BD21-429F-819A-8EACABD9B37E}.Debug|Any CPU.Build.0 = Debug|Any CPU
		{5A9ABAF9-BD21-429F-819A-8EACABD9B37E}.Release|Any CPU.ActiveCfg = Release|Any CPU
		{5A9ABAF9-BD21-429F-819A-8EACABD9B37E}.Release|Any CPU.Build.0 = Release|Any CPU
		{72A3B6C8-42E8-47BE-8175-99E57BC97D0F}.Debug|Any CPU.ActiveCfg = Debug|Any CPU
		{72A3B6C8-42E8-47BE-8175-99E57BC97D0F}.Debug|Any CPU.Build.0 = Debug|Any CPU
		{72A3B6C8-42E8-47BE-8175-99E57BC97D0F}.Release|Any CPU.ActiveCfg = Release|Any CPU
		{72A3B6C8-42E8-47BE-8175-99E57BC97D0F}.Release|Any CPU.Build.0 = Release|Any CPU
		{6060336E-28D6-4F00-B747-FC1CFAF41194}.Debug|Any CPU.ActiveCfg = Debug|Any CPU
		{6060336E-28D6-4F00-B747-FC1CFAF41194}.Debug|Any CPU.Build.0 = Debug|Any CPU
		{6060336E-28D6-4F00-B747-FC1CFAF41194}.Release|Any CPU.ActiveCfg = Release|Any CPU
		{6060336E-28D6-4F00-B747-FC1CFAF41194}.Release|Any CPU.Build.0 = Release|Any CPU
	EndGlobalSection
EndGlobal
